
Microsoft Visual Studio Solution File, Format Version 12.00
# Visual Studio 15
VisualStudioVersion = 15.0.27130.2010
MinimumVisualStudioVersion = 10.0.40219.1
Project("{9A19103F-16F7-4668-BE54-9A1E7A4F7556}") = "Cryptofy-Net", "Cryptofy-Net\Cryptofy-Net.csproj", "{78512782-AD83-4496-BDCF-3418C703E3E9}"
EndProject
Project("{FAE04EC0-301F-11D3-BF4B-00C04F79EFBC}") = "CryptofyNet-Test", "CryptofyNet-Test\CryptofyNet-Test.csproj", "{6510FC93-D04B-4C50-A7FF-D0D477E3E66F}"
EndProject
Global
	GlobalSection(SolutionConfigurationPlatforms) = preSolution
		Debug|Any CPU = Debug|Any CPU
		Release|Any CPU = Release|Any CPU
	EndGlobalSection
	GlobalSection(ProjectConfigurationPlatforms) = postSolution
		{78512782-AD83-4496-BDCF-3418C703E3E9}.Debug|Any CPU.ActiveCfg = Debug|Any CPU
		{78512782-AD83-4496-BDCF-3418C703E3E9}.Debug|Any CPU.Build.0 = Debug|Any CPU
		{78512782-AD83-4496-BDCF-3418C703E3E9}.Release|Any CPU.ActiveCfg = Release|Any CPU
		{78512782-AD83-4496-BDCF-3418C703E3E9}.Release|Any CPU.Build.0 = Release|Any CPU
		{6510FC93-D04B-4C50-A7FF-D0D477E3E66F}.Debug|Any CPU.ActiveCfg = Debug|Any CPU
		{6510FC93-D04B-4C50-A7FF-D0D477E3E66F}.Debug|Any CPU.Build.0 = Debug|Any CPU
		{6510FC93-D04B-4C50-A7FF-D0D477E3E66F}.Release|Any CPU.ActiveCfg = Release|Any CPU
		{6510FC93-D04B-4C50-A7FF-D0D477E3E66F}.Release|Any CPU.Build.0 = Release|Any CPU
	EndGlobalSection
	GlobalSection(SolutionProperties) = preSolution
		HideSolutionNode = FALSE
	EndGlobalSection
	GlobalSection(ExtensibilityGlobals) = postSolution
		SolutionGuid = {CC9CB9B4-06B8-4512-9E9E-D270B6BA583B}
	EndGlobalSection
EndGlobal
